// !$*UTF8*$!
{
	archiveVersion = 1;
	classes = {
	};
	objectVersion = 56;
	objects = {

/* Begin PBXBuildFile section */
		2F12F3A22BD8B56F005B1DC2 /* StoryEngine.swift in Sources */ = {isa = PBXBuildFile; fileRef = 2F12F3A12BD8B56F005B1DC2 /* StoryEngine.swift */; };
		2F12F3A62BD8B904005B1DC2 /* InteractiveNovel.swift in Sources */ = {isa = PBXBuildFile; fileRef = 2F12F3A52BD8B904005B1DC2 /* InteractiveNovel.swift */; };
		2F12F3A82BD8B9D1005B1DC2 /* Character.swift in Sources */ = {isa = PBXBuildFile; fileRef = 2F12F3A72BD8B9D1005B1DC2 /* Character.swift */; };
		2F12F3AA2BD8BAB6005B1DC2 /* CharacterCreationView.swift in Sources */ = {isa = PBXBuildFile; fileRef = 2F12F3A92BD8BAB6005B1DC2 /* CharacterCreationView.swift */; };
		2F12F3AC2BD8BB2A005B1DC2 /* NetworkManager.swift in Sources */ = {isa = PBXBuildFile; fileRef = 2F12F3AB2BD8BB2A005B1DC2 /* NetworkManager.swift */; };
		2F12F3AE2BD8BD98005B1DC2 /* GameSaveManager.swift in Sources */ = {isa = PBXBuildFile; fileRef = 2F12F3AD2BD8BD98005B1DC2 /* GameSaveManager.swift */; };
		2F12F3B02BD8CDEF005B1DC2 /* DecisionTree.swift in Sources */ = {isa = PBXBuildFile; fileRef = 2F12F3AF2BD8CDEF005B1DC2 /* DecisionTree.swift */; };
		2F648C752BC1ECBD00769A5E /* Tales_of_YoreApp.swift in Sources */ = {isa = PBXBuildFile; fileRef = 2F648C742BC1ECBD00769A5E /* Tales_of_YoreApp.swift */; };
		2F648C772BC1ECBD00769A5E /* ContentView.swift in Sources */ = {isa = PBXBuildFile; fileRef = 2F648C762BC1ECBD00769A5E /* ContentView.swift */; };
		2F648C792BC1ECC100769A5E /* Assets.xcassets in Resources */ = {isa = PBXBuildFile; fileRef = 2F648C782BC1ECC100769A5E /* Assets.xcassets */; };
		2F648C7C2BC1ECC100769A5E /* Preview Assets.xcassets in Resources */ = {isa = PBXBuildFile; fileRef = 2F648C7B2BC1ECC100769A5E /* Preview Assets.xcassets */; };
		2F648C862BC1EDE700769A5E /* NewGameView.swift in Sources */ = {isa = PBXBuildFile; fileRef = 2F648C852BC1EDE700769A5E /* NewGameView.swift */; };
		2F648C882BC1EE5500769A5E /* LoadGameView.swift in Sources */ = {isa = PBXBuildFile; fileRef = 2F648C872BC1EE5500769A5E /* LoadGameView.swift */; };
		2F648C8A2BC1EEBA00769A5E /* SettingsView.swift in Sources */ = {isa = PBXBuildFile; fileRef = 2F648C892BC1EEBA00769A5E /* SettingsView.swift */; };
/* End PBXBuildFile section */

/* Begin PBXFileReference section */
		2F12F3A12BD8B56F005B1DC2 /* StoryEngine.swift */ = {isa = PBXFileReference; lastKnownFileType = sourcecode.swift; path = StoryEngine.swift; sourceTree = "<group>"; };
		2F12F3A52BD8B904005B1DC2 /* InteractiveNovel.swift */ = {isa = PBXFileReference; lastKnownFileType = sourcecode.swift; path = InteractiveNovel.swift; sourceTree = "<group>"; };
		2F12F3A72BD8B9D1005B1DC2 /* Character.swift */ = {isa = PBXFileReference; lastKnownFileType = sourcecode.swift; path = Character.swift; sourceTree = "<group>"; };
		2F12F3A92BD8BAB6005B1DC2 /* CharacterCreationView.swift */ = {isa = PBXFileReference; lastKnownFileType = sourcecode.swift; path = CharacterCreationView.swift; sourceTree = "<group>"; };
		2F12F3AB2BD8BB2A005B1DC2 /* NetworkManager.swift */ = {isa = PBXFileReference; lastKnownFileType = sourcecode.swift; path = NetworkManager.swift; sourceTree = "<group>"; };
		2F12F3AD2BD8BD98005B1DC2 /* GameSaveManager.swift */ = {isa = PBXFileReference; lastKnownFileType = sourcecode.swift; path = GameSaveManager.swift; sourceTree = "<group>"; };
		2F12F3AF2BD8CDEF005B1DC2 /* DecisionTree.swift */ = {isa = PBXFileReference; lastKnownFileType = sourcecode.swift; path = DecisionTree.swift; sourceTree = "<group>"; };
		2F648C712BC1ECBD00769A5E /* Tales of Yore.app */ = {isa = PBXFileReference; explicitFileType = wrapper.application; includeInIndex = 0; path = "Tales of Yore.app"; sourceTree = BUILT_PRODUCTS_DIR; };
		2F648C742BC1ECBD00769A5E /* Tales_of_YoreApp.swift */ = {isa = PBXFileReference; lastKnownFileType = sourcecode.swift; path = Tales_of_YoreApp.swift; sourceTree = "<group>"; };
		2F648C762BC1ECBD00769A5E /* ContentView.swift */ = {isa = PBXFileReference; lastKnownFileType = sourcecode.swift; path = ContentView.swift; sourceTree = "<group>"; };
		2F648C782BC1ECC100769A5E /* Assets.xcassets */ = {isa = PBXFileReference; lastKnownFileType = folder.assetcatalog; path = Assets.xcassets; sourceTree = "<group>"; };
		2F648C7B2BC1ECC100769A5E /* Preview Assets.xcassets */ = {isa = PBXFileReference; lastKnownFileType = folder.assetcatalog; path = "Preview Assets.xcassets"; sourceTree = "<group>"; };
		2F648C852BC1EDE700769A5E /* NewGameView.swift */ = {isa = PBXFileReference; lastKnownFileType = sourcecode.swift; path = NewGameView.swift; sourceTree = "<group>"; };
		2F648C872BC1EE5500769A5E /* LoadGameView.swift */ = {isa = PBXFileReference; lastKnownFileType = sourcecode.swift; path = LoadGameView.swift; sourceTree = "<group>"; };
		2F648C892BC1EEBA00769A5E /* SettingsView.swift */ = {isa = PBXFileReference; lastKnownFileType = sourcecode.swift; path = SettingsView.swift; sourceTree = "<group>"; };
/* End PBXFileReference section */

/* Begin PBXFrameworksBuildPhase section */
		2F648C6E2BC1ECBD00769A5E /* Frameworks */ = {
			isa = PBXFrameworksBuildPhase;
			buildActionMask = 2147483647;
			files = (
			);
			runOnlyForDeploymentPostprocessing = 0;
		};
/* End PBXFrameworksBuildPhase section */

/* Begin PBXGroup section */
		2F648C682BC1ECBD00769A5E = {
			isa = PBXGroup;
			children = (
				2F648C732BC1ECBD00769A5E /* Tales of Yore */,
				2F648C722BC1ECBD00769A5E /* Products */,
			);
			sourceTree = "<group>";
		};
		2F648C722BC1ECBD00769A5E /* Products */ = {
			isa = PBXGroup;
			children = (
				2F648C712BC1ECBD00769A5E /* Tales of Yore.app */,
			);
			name = Products;
			sourceTree = "<group>";
		};
		2F648C732BC1ECBD00769A5E /* Tales of Yore */ = {
			isa = PBXGroup;
			children = (
				2F648C742BC1ECBD00769A5E /* Tales_of_YoreApp.swift */,
				2F648C822BC1ECF100769A5E /* Model */,
				2F648C842BC1ED2400769A5E /* Controller */,
				2F648C832BC1ED0F00769A5E /* View */,
				2F648C782BC1ECC100769A5E /* Assets.xcassets */,
				2F648C7A2BC1ECC100769A5E /* Preview Content */,
			);
			path = "Tales of Yore";
			sourceTree = "<group>";
		};
		2F648C7A2BC1ECC100769A5E /* Preview Content */ = {
			isa = PBXGroup;
			children = (
				2F648C7B2BC1ECC100769A5E /* Preview Assets.xcassets */,
			);
			path = "Preview Content";
			sourceTree = "<group>";
		};
		2F648C822BC1ECF100769A5E /* Model */ = {
			isa = PBXGroup;
			children = (
				2F12F3A12BD8B56F005B1DC2 /* StoryEngine.swift */,
				2F12F3A72BD8B9D1005B1DC2 /* Character.swift */,
				2F12F3AF2BD8CDEF005B1DC2 /* DecisionTree.swift */,
			);
			path = Model;
			sourceTree = "<group>";
		};
		2F648C832BC1ED0F00769A5E /* View */ = {
			isa = PBXGroup;
			children = (
				2F648C762BC1ECBD00769A5E /* ContentView.swift */,
				2F648C852BC1EDE700769A5E /* NewGameView.swift */,
				2F648C872BC1EE5500769A5E /* LoadGameView.swift */,
				2F648C892BC1EEBA00769A5E /* SettingsView.swift */,
				2F12F3A92BD8BAB6005B1DC2 /* CharacterCreationView.swift */,
			);
			path = View;
			sourceTree = "<group>";
		};
		2F648C842BC1ED2400769A5E /* Controller */ = {
			isa = PBXGroup;
			children = (
				2F12F3A52BD8B904005B1DC2 /* InteractiveNovel.swift */,
				2F12F3AB2BD8BB2A005B1DC2 /* NetworkManager.swift */,
				2F12F3AD2BD8BD98005B1DC2 /* GameSaveManager.swift */,
			);
			path = Controller;
			sourceTree = "<group>";
		};
/* End PBXGroup section */

/* Begin PBXNativeTarget section */
		2F648C702BC1ECBD00769A5E /* Tales of Yore */ = {
			isa = PBXNativeTarget;
			buildConfigurationList = 2F648C7F2BC1ECC100769A5E /* Build configuration list for PBXNativeTarget "Tales of Yore" */;
			buildPhases = (
				2F648C6D2BC1ECBD00769A5E /* Sources */,
				2F648C6E2BC1ECBD00769A5E /* Frameworks */,
				2F648C6F2BC1ECBD00769A5E /* Resources */,
			);
			buildRules = (
			);
			dependencies = (
			);
			name = "Tales of Yore";
			productName = "Tales of Yore";
			productReference = 2F648C712BC1ECBD00769A5E /* Tales of Yore.app */;
			productType = "com.apple.product-type.application";
		};
/* End PBXNativeTarget section */

/* Begin PBXProject section */
		2F648C692BC1ECBD00769A5E /* Project object */ = {
			isa = PBXProject;
			attributes = {
				BuildIndependentTargetsInParallel = 1;
				LastSwiftUpdateCheck = 1420;
				LastUpgradeCheck = 1420;
				TargetAttributes = {
					2F648C702BC1ECBD00769A5E = {
						CreatedOnToolsVersion = 14.2;
					};
				};
			};
			buildConfigurationList = 2F648C6C2BC1ECBD00769A5E /* Build configuration list for PBXProject "Tales of Yore" */;
			compatibilityVersion = "Xcode 14.0";
			developmentRegion = en;
			hasScannedForEncodings = 0;
			knownRegions = (
				en,
				Base,
			);
			mainGroup = 2F648C682BC1ECBD00769A5E;
			productRefGroup = 2F648C722BC1ECBD00769A5E /* Products */;
			projectDirPath = "";
			projectRoot = "";
			targets = (
				2F648C702BC1ECBD00769A5E /* Tales of Yore */,
			);
		};
/* End PBXProject section */

/* Begin PBXResourcesBuildPhase section */
		2F648C6F2BC1ECBD00769A5E /* Resources */ = {
			isa = PBXResourcesBuildPhase;
			buildActionMask = 2147483647;
			files = (
				2F648C7C2BC1ECC100769A5E /* Preview Assets.xcassets in Resources */,
				2F648C792BC1ECC100769A5E /* Assets.xcassets in Resources */,
			);
			runOnlyForDeploymentPostprocessing = 0;
		};
/* End PBXResourcesBuildPhase section */

/* Begin PBXSourcesBuildPhase section */
		2F648C6D2BC1ECBD00769A5E /* Sources */ = {
			isa = PBXSourcesBuildPhase;
			buildActionMask = 2147483647;
			files = (
				2F648C8A2BC1EEBA00769A5E /* SettingsView.swift in Sources */,
				2F648C772BC1ECBD00769A5E /* ContentView.swift in Sources */,
				2F12F3AC2BD8BB2A005B1DC2 /* NetworkManager.swift in Sources */,
				2F12F3B02BD8CDEF005B1DC2 /* DecisionTree.swift in Sources */,
				2F648C752BC1ECBD00769A5E /* Tales_of_YoreApp.swift in Sources */,
				2F12F3AA2BD8BAB6005B1DC2 /* CharacterCreationView.swift in Sources */,
				2F648C882BC1EE5500769A5E /* LoadGameView.swift in Sources */,
				2F648C862BC1EDE700769A5E /* NewGameView.swift in Sources */,
				2F12F3A22BD8B56F005B1DC2 /* StoryEngine.swift in Sources */,
				2F12F3A62BD8B904005B1DC2 /* InteractiveNovel.swift in Sources */,
				2F12F3A82BD8B9D1005B1DC2 /* Character.swift in Sources */,
				2F12F3AE2BD8BD98005B1DC2 /* GameSaveManager.swift in Sources */,
			);
			runOnlyForDeploymentPostprocessing = 0;
		};
/* End PBXSourcesBuildPhase section */

/* Begin XCBuildConfiguration section */
		2F648C7D2BC1ECC100769A5E /* Debug */ = {
			isa = XCBuildConfiguration;
			buildSettings = {
				ALWAYS_SEARCH_USER_PATHS = NO;
				CLANG_ANALYZER_NONNULL = YES;
				CLANG_ANALYZER_NUMBER_OBJECT_CONVERSION = YES_AGGRESSIVE;
				CLANG_CXX_LANGUAGE_STANDARD = "gnu++20";
				CLANG_ENABLE_MODULES = YES;
				CLANG_ENABLE_OBJC_ARC = YES;
				CLANG_ENABLE_OBJC_WEAK = YES;
				CLANG_WARN_BLOCK_CAPTURE_AUTORELEASING = YES;
				CLANG_WARN_BOOL_CONVERSION = YES;
				CLANG_WARN_COMMA = YES;
				CLANG_WARN_CONSTANT_CONVERSION = YES;
				CLANG_WARN_DEPRECATED_OBJC_IMPLEMENTATIONS = YES;
				CLANG_WARN_DIRECT_OBJC_ISA_USAGE = YES_ERROR;
				CLANG_WARN_DOCUMENTATION_COMMENTS = YES;
				CLANG_WARN_EMPTY_BODY = YES;
				CLANG_WARN_ENUM_CONVERSION = YES;
				CLANG_WARN_INFINITE_RECURSION = YES;
				CLANG_WARN_INT_CONVERSION = YES;
				CLANG_WARN_NON_LITERAL_NULL_CONVERSION = YES;
				CLANG_WARN_OBJC_IMPLICIT_RETAIN_SELF = YES;
				CLANG_WARN_OBJC_LITERAL_CONVERSION = YES;
				CLANG_WARN_OBJC_ROOT_CLASS = YES_ERROR;
				CLANG_WARN_QUOTED_INCLUDE_IN_FRAMEWORK_HEADER = YES;
				CLANG_WARN_RANGE_LOOP_ANALYSIS = YES;
				CLANG_WARN_STRICT_PROTOTYPES = YES;
				CLANG_WARN_SUSPICIOUS_MOVE = YES;
				CLANG_WARN_UNGUARDED_AVAILABILITY = YES_AGGRESSIVE;
				CLANG_WARN_UNREACHABLE_CODE = YES;
				CLANG_WARN__DUPLICATE_METHOD_MATCH = YES;
				COPY_PHASE_STRIP = NO;
				DEBUG_INFORMATION_FORMAT = dwarf;
				ENABLE_STRICT_OBJC_MSGSEND = YES;
				ENABLE_TESTABILITY = YES;
				GCC_C_LANGUAGE_STANDARD = gnu11;
				GCC_DYNAMIC_NO_PIC = NO;
				GCC_NO_COMMON_BLOCKS = YES;
				GCC_OPTIMIZATION_LEVEL = 0;
				GCC_PREPROCESSOR_DEFINITIONS = (
					"DEBUG=1",
					"$(inherited)",
				);
				GCC_WARN_64_TO_32_BIT_CONVERSION = YES;
				GCC_WARN_ABOUT_RETURN_TYPE = YES_ERROR;
				GCC_WARN_UNDECLARED_SELECTOR = YES;
				GCC_WARN_UNINITIALIZED_AUTOS = YES_AGGRESSIVE;
				GCC_WARN_UNUSED_FUNCTION = YES;
				GCC_WARN_UNUSED_VARIABLE = YES;
				IPHONEOS_DEPLOYMENT_TARGET = 16.2;
				MTL_ENABLE_DEBUG_INFO = INCLUDE_SOURCE;
				MTL_FAST_MATH = YES;
				ONLY_ACTIVE_ARCH = YES;
				SDKROOT = iphoneos;
				SWIFT_ACTIVE_COMPILATION_CONDITIONS = DEBUG;
				SWIFT_OPTIMIZATION_LEVEL = "-Onone";
			};
			name = Debug;
		};
		2F648C7E2BC1ECC100769A5E /* Release */ = {
			isa = XCBuildConfiguration;
			buildSettings = {
				ALWAYS_SEARCH_USER_PATHS = NO;
				CLANG_ANALYZER_NONNULL = YES;
				CLANG_ANALYZER_NUMBER_OBJECT_CONVERSION = YES_AGGRESSIVE;
				CLANG_CXX_LANGUAGE_STANDARD = "gnu++20";
				CLANG_ENABLE_MODULES = YES;
				CLANG_ENABLE_OBJC_ARC = YES;
				CLANG_ENABLE_OBJC_WEAK = YES;
				CLANG_WARN_BLOCK_CAPTURE_AUTORELEASING = YES;
				CLANG_WARN_BOOL_CONVERSION = YES;
				CLANG_WARN_COMMA = YES;
				CLANG_WARN_CONSTANT_CONVERSION = YES;
				CLANG_WARN_DEPRECATED_OBJC_IMPLEMENTATIONS = YES;
				CLANG_WARN_DIRECT_OBJC_ISA_USAGE = YES_ERROR;
				CLANG_WARN_DOCUMENTATION_COMMENTS = YES;
				CLANG_WARN_EMPTY_BODY = YES;
				CLANG_WARN_ENUM_CONVERSION = YES;
				CLANG_WARN_INFINITE_RECURSION = YES;
				CLANG_WARN_INT_CONVERSION = YES;
				CLANG_WARN_NON_LITERAL_NULL_CONVERSION = YES;
				CLANG_WARN_OBJC_IMPLICIT_RETAIN_SELF = YES;
				CLANG_WARN_OBJC_LITERAL_CONVERSION = YES;
				CLANG_WARN_OBJC_ROOT_CLASS = YES_ERROR;
				CLANG_WARN_QUOTED_INCLUDE_IN_FRAMEWORK_HEADER = YES;
				CLANG_WARN_RANGE_LOOP_ANALYSIS = YES;
				CLANG_WARN_STRICT_PROTOTYPES = YES;
				CLANG_WARN_SUSPICIOUS_MOVE = YES;
				CLANG_WARN_UNGUARDED_AVAILABILITY = YES_AGGRESSIVE;
				CLANG_WARN_UNREACHABLE_CODE = YES;
				CLANG_WARN__DUPLICATE_METHOD_MATCH = YES;
				COPY_PHASE_STRIP = NO;
				DEBUG_INFORMATION_FORMAT = "dwarf-with-dsym";
				ENABLE_NS_ASSERTIONS = NO;
				ENABLE_STRICT_OBJC_MSGSEND = YES;
				GCC_C_LANGUAGE_STANDARD = gnu11;
				GCC_NO_COMMON_BLOCKS = YES;
				GCC_WARN_64_TO_32_BIT_CONVERSION = YES;
				GCC_WARN_ABOUT_RETURN_TYPE = YES_ERROR;
				GCC_WARN_UNDECLARED_SELECTOR = YES;
				GCC_WARN_UNINITIALIZED_AUTOS = YES_AGGRESSIVE;
				GCC_WARN_UNUSED_FUNCTION = YES;
				GCC_WARN_UNUSED_VARIABLE = YES;
				IPHONEOS_DEPLOYMENT_TARGET = 16.2;
				MTL_ENABLE_DEBUG_INFO = NO;
				MTL_FAST_MATH = YES;
				SDKROOT = iphoneos;
				SWIFT_COMPILATION_MODE = wholemodule;
				SWIFT_OPTIMIZATION_LEVEL = "-O";
				VALIDATE_PRODUCT = YES;
			};
			name = Release;
		};
		2F648C802BC1ECC100769A5E /* Debug */ = {
			isa = XCBuildConfiguration;
			buildSettings = {
				ASSETCATALOG_COMPILER_APPICON_NAME = AppIcon;
				ASSETCATALOG_COMPILER_GLOBAL_ACCENT_COLOR_NAME = AccentColor;
				CODE_SIGN_STYLE = Automatic;
				CURRENT_PROJECT_VERSION = 1;
				DEVELOPMENT_ASSET_PATHS = "\"Tales of Yore/Preview Content\"";
				ENABLE_PREVIEWS = YES;
				GENERATE_INFOPLIST_FILE = YES;
				INFOPLIST_KEY_UIApplicationSceneManifest_Generation = YES;
				INFOPLIST_KEY_UIApplicationSupportsIndirectInputEvents = YES;
				INFOPLIST_KEY_UILaunchScreen_Generation = YES;
				INFOPLIST_KEY_UISupportedInterfaceOrientations_iPad = "UIInterfaceOrientationPortrait UIInterfaceOrientationPortraitUpsideDown UIInterfaceOrientationLandscapeLeft UIInterfaceOrientationLandscapeRight";
				INFOPLIST_KEY_UISupportedInterfaceOrientations_iPhone = "UIInterfaceOrientationPortrait UIInterfaceOrientationLandscapeLeft UIInterfaceOrientationLandscapeRight";
				LD_RUNPATH_SEARCH_PATHS = (
					"$(inherited)",
					"@executable_path/Frameworks",
				);
				MARKETING_VERSION = 1.0;
				PRODUCT_BUNDLE_IDENTIFIER = "satchel.Tales-of-Yore";
				PRODUCT_NAME = "$(TARGET_NAME)";
				SWIFT_EMIT_LOC_STRINGS = YES;
				SWIFT_VERSION = 5.0;
				TARGETED_DEVICE_FAMILY = "1,2";
			};
			name = Debug;
		};
		2F648C812BC1ECC100769A5E /* Release */ = {
			isa = XCBuildConfiguration;
			buildSettings = {
				ASSETCATALOG_COMPILER_APPICON_NAME = AppIcon;
				ASSETCATALOG_COMPILER_GLOBAL_ACCENT_COLOR_NAME = AccentColor;
				CODE_SIGN_STYLE = Automatic;
				CURRENT_PROJECT_VERSION = 1;
				DEVELOPMENT_ASSET_PATHS = "\"Tales of Yore/Preview Content\"";
				ENABLE_PREVIEWS = YES;
				GENERATE_INFOPLIST_FILE = YES;
				INFOPLIST_KEY_UIApplicationSceneManifest_Generation = YES;
				INFOPLIST_KEY_UIApplicationSupportsIndirectInputEvents = YES;
				INFOPLIST_KEY_UILaunchScreen_Generation = YES;
				INFOPLIST_KEY_UISupportedInterfaceOrientations_iPad = "UIInterfaceOrientationPortrait UIInterfaceOrientationPortraitUpsideDown UIInterfaceOrientationLandscapeLeft UIInterfaceOrientationLandscapeRight";
				INFOPLIST_KEY_UISupportedInterfaceOrientations_iPhone = "UIInterfaceOrientationPortrait UIInterfaceOrientationLandscapeLeft UIInterfaceOrientationLandscapeRight";
				LD_RUNPATH_SEARCH_PATHS = (
					"$(inherited)",
					"@executable_path/Frameworks",
				);
				MARKETING_VERSION = 1.0;
				PRODUCT_BUNDLE_IDENTIFIER = "satchel.Tales-of-Yore";
				PRODUCT_NAME = "$(TARGET_NAME)";
				SWIFT_EMIT_LOC_STRINGS = YES;
				SWIFT_VERSION = 5.0;
				TARGETED_DEVICE_FAMILY = "1,2";
			};
			name = Release;
		};
/* End XCBuildConfiguration section */

/* Begin XCConfigurationList section */
		2F648C6C2BC1ECBD00769A5E /* Build configuration list for PBXProject "Tales of Yore" */ = {
			isa = XCConfigurationList;
			buildConfigurations = (
				2F648C7D2BC1ECC100769A5E /* Debug */,
				2F648C7E2BC1ECC100769A5E /* Release */,
			);
			defaultConfigurationIsVisible = 0;
			defaultConfigurationName = Release;
		};
		2F648C7F2BC1ECC100769A5E /* Build configuration list for PBXNativeTarget "Tales of Yore" */ = {
			isa = XCConfigurationList;
			buildConfigurations = (
				2F648C802BC1ECC100769A5E /* Debug */,
				2F648C812BC1ECC100769A5E /* Release */,
			);
			defaultConfigurationIsVisible = 0;
			defaultConfigurationName = Release;
		};
/* End XCConfigurationList section */
	};
	rootObject = 2F648C692BC1ECBD00769A5E /* Project object */;
}
